Microsoft Visual Studio Solution File, Format Version 12.00
# Visual Studio Version 17
VisualStudioVersion = 17.0.31903.59
MinimumVisualStudioVersion = 10.0.40219.1
Project("{FAE04EC0-301F-11D3-BF4B-00C04F79EFBC}") = "ChromaDrop", "ChromaDrop.csproj", "{C3F510BD-8E39-499E-AAEB-9CC76D3EB0EF}"
EndProject
Global
  GlobalSection(SolutionConfigurationPlatforms) = preSolution
    Debug|Any CPU = Debug|Any CPU
    ExportDebug|Any CPU = ExportDebug|Any CPU
    ExportRelease|Any CPU = ExportRelease|Any CPU
  EndGlobalSection
  GlobalSection(SolutionProperties) = preSolution
    HideSolutionNode = FALSE
  EndGlobalSection
  GlobalSection(ProjectConfigurationPlatforms) = postSolution
    {C3F510BD-8E39-499E-AAEB-9CC76D3EB0EF}.Debug|Any CPU.ActiveCfg = Debug|Any CPU
    {C3F510BD-8E39-499E-AAEB-9CC76D3EB0EF}.Debug|Any CPU.Build.0 = Debug|Any CPU
    {C3F510BD-8E39-499E-AAEB-9CC76D3EB0EF}.ExportDebug|Any CPU.ActiveCfg = ExportDebug|Any CPU
    {C3F510BD-8E39-499E-AAEB-9CC76D3EB0EF}.ExportRelease|Any CPU.ActiveCfg = ExportRelease|Any CPU
    {C3F510BD-8E39-499E-AAEB-9CC76D3EB0EF}.ExportDebug|Any CPU.Build.0 = ExportDebug|Any CPU
    {C3F510BD-8E39-499E-AAEB-9CC76D3EB0EF}.ExportRelease|Any CPU.Build.0 = ExportRelease|Any CPU
  EndGlobalSection
EndGlobal
